{
  "requires": true,
  "lockfileVersion": 1,
  "dependencies": {
    "fuzzysearch": {
      "version": "1.0.3",
      "resolved": "https://registry.npmjs.org/fuzzysearch/-/fuzzysearch-1.0.3.tgz",
      "integrity": "sha1-3/yA9tawQiPyImqnndGUIxCW0Ag="
    },
    "simple-jekyll-search": {
      "version": "1.7.13",
      "resolved": "https://registry.npmjs.org/simple-jekyll-search/-/simple-jekyll-search-1.7.13.tgz",
      "integrity": "sha512-+r+bEzAhWZI15GtsGXqTVp4NYYmXvbLn4DGennRjOzVrugOTB9/s0NF8+/oLaDb8IEkOftzDVs7QtCmNfgZ8Ag==",
      "requires": {
        "fuzzysearch": "^1.0.3"
      }
    }
  }
}
